{
  "name": "npm-client-test",
  "version": "1.0.0",
  "lockfileVersion": 1,
  "requires": true,
  "dependencies": {
    "@messiasnycolas/test-npm": {
      "version": "1.0.0",
      "resolved": "https://npm.pkg.github.com/download/@messiasnycolas/test-npm/1.0.0/08d6f0abafb84f85a8d87440ef8f18a031574508",
      "integrity": "sha512-hp/HHLo0r5GhyFXpqKKybZCsZHgdJekL9FgEsOSwd9ZvF/h+2Xj2DXHXUXcM5seweMLX0djYkRBkenJAcZRPpA=="
    }
  }
}
